
Microsoft Visual Studio Solution File, Format Version 12.00
# Visual Studio Version 17
VisualStudioVersion = 17.7.34221.43
MinimumVisualStudioVersion = 10.0.40219.1
Project("{FAE04EC0-301F-11D3-BF4B-00C04F79EFBC}") = "DownloadManager", "DownloadManager\DownloadManager.csproj", "{35CC7F82-3603-4ABC-A329-AF34AA56F1A7}"
EndProject
Global
	GlobalSection(SolutionConfigurationPlatforms) = preSolution
		Debug|Any CPU = Debug|Any CPU
		Release|Any CPU = Release|Any CPU
	EndGlobalSection
	GlobalSection(ProjectConfigurationPlatforms) = postSolution
		{35CC7F82-3603-4ABC-A329-AF34AA56F1A7}.Debug|Any CPU.ActiveCfg = Debug|Any CPU
		{35CC7F82-3603-4ABC-A329-AF34AA56F1A7}.Debug|Any CPU.Build.0 = Debug|Any CPU
		{35CC7F82-3603-4ABC-A329-AF34AA56F1A7}.Release|Any CPU.ActiveCfg = Release|Any CPU
		{35CC7F82-3603-4ABC-A329-AF34AA56F1A7}.Release|Any CPU.Build.0 = Release|Any CPU
	EndGlobalSection
	GlobalSection(SolutionProperties) = preSolution
		HideSolutionNode = FALSE
	EndGlobalSection
	GlobalSection(ExtensibilityGlobals) = postSolution
		SolutionGuid = {35913E77-408A-4508-886B-D1D21DEFFC4B}
	EndGlobalSection
EndGlobal
